{
  "version": 4,
  "terraform_version": "1.3.3",
  "serial": 1773,
  "lineage": "287d1407-95d9-dbc6-0bdd-6f0e61209e00",
  "outputs": {},
  "resources": [
    {
      "module": "module.aws_database",
      "mode": "managed",
      "type": "aws_db_subnet_group",
      "name": "DBSubnetGroup",
      "provider": "provider[\"registry.terraform.io/hashicorp/aws\"]",
      "instances": [
        {
          "schema_version": 0,
          "attributes": {
            "arn": "arn:aws:rds:us-east-1:386832079757:subgrp:wp-db-subnet-group",
            "description": "wp-db-subnet-group",
            "id": "wp-db-subnet-group",
            "name": "wp-db-subnet-group",
            "name_prefix": "",
            "subnet_ids": [
              "subnet-01399ce307c790800",
              "subnet-0235fa04dbacdbcf0"
            ],
            "supported_network_types": [
              "IPV4"
            ],
            "tags": null,
            "tags_all": {}
          },
          "sensitive_attributes": [],
          "private": "bnVsbA==",
          "dependencies": [
            "module.aws_network.aws_subnet.PublicSubnet0",
            "module.aws_network.aws_subnet.PublicSubnet1",
            "module.aws_network.aws_vpc.wordpress_vpc"
          ]
        }
      ]
    },
    {
      "module": "module.aws_database",
      "mode": "managed",
      "type": "aws_rds_cluster",
      "name": "WordpressDB",
      "provider": "provider[\"registry.terraform.io/hashicorp/aws\"]",
      "instances": [
        {
          "schema_version": 0,
          "attributes": {
            "allocated_storage": 1,
            "allow_major_version_upgrade": null,
            "apply_immediately": null,
            "arn": "arn:aws:rds:us-east-1:386832079757:cluster:tf-20221122012602173000000003",
            "availability_zones": [
              "us-east-1a",
              "us-east-1b",
              "us-east-1d"
            ],
            "backtrack_window": 0,
            "backup_retention_period": 1,
            "cluster_identifier": "tf-20221122012602173000000003",
            "cluster_identifier_prefix": null,
            "cluster_members": [],
            "cluster_resource_id": "cluster-FNP6EFA6W46RZWPG42NU6S47PM",
            "copy_tags_to_snapshot": false,
            "database_name": "wordpress",
            "db_cluster_instance_class": "",
            "db_cluster_parameter_group_name": "default.aurora-mysql5.7",
            "db_instance_parameter_group_name": null,
            "db_subnet_group_name": "wp-db-subnet-group",
            "deletion_protection": false,
            "enable_global_write_forwarding": false,
            "enable_http_endpoint": false,
            "enabled_cloudwatch_logs_exports": null,
            "endpoint": "tf-20221122012602173000000003.cluster-cpm3tygvfmgs.us-east-1.rds.amazonaws.com",
            "engine": "aurora-mysql",
            "engine_mode": "serverless",
            "engine_version": "5.7.mysql_aurora.2.08.3",
            "engine_version_actual": "5.7.mysql_aurora.2.08.3",
            "final_snapshot_identifier": null,
            "global_cluster_identifier": "",
            "hosted_zone_id": "Z2R2ITUGPM61AM",
            "iam_database_authentication_enabled": false,
            "iam_roles": [],
            "id": "tf-20221122012602173000000003",
            "iops": 0,
            "kms_key_id": "arn:aws:kms:us-east-1:386832079757:key/38dbe98e-54ac-4a50-9da3-380e7f139815",
            "master_password": "supersecretpassword",
            "master_username": "admin",
            "network_type": "IPV4",
            "port": 3306,
            "preferred_backup_window": "09:44-10:14",
            "preferred_maintenance_window": "thu:05:29-thu:05:59",
            "reader_endpoint": "",
            "replication_source_identifier": "",
            "restore_to_point_in_time": [],
            "s3_import": [],
            "scaling_configuration": [
              {
                "auto_pause": true,
                "max_capacity": 16,
                "min_capacity": 2,
                "seconds_until_auto_pause": 300,
                "timeout_action": "RollbackCapacityChange"
              }
            ],
            "serverlessv2_scaling_configuration": [],
            "skip_final_snapshot": true,
            "snapshot_identifier": null,
            "source_region": null,
            "storage_encrypted": true,
            "storage_type": "",
            "tags": null,
            "tags_all": {},
            "timeouts": null,
            "vpc_security_group_ids": [
              "sg-08e464641a68af291"
            ]
          },
          "sensitive_attributes": [],
          "private": "eyJlMmJmYjczMC1lY2FhLTExZTYtOGY4OC0zNDM2M2JjN2M0YzAiOnsiY3JlYXRlIjo3MjAwMDAwMDAwMDAwLCJkZWxldGUiOjcyMDAwMDAwMDAwMDAsInVwZGF0ZSI6NzIwMDAwMDAwMDAwMH19",
          "dependencies": [
            "module.aws_database.aws_db_subnet_group.DBSubnetGroup",
            "module.aws_database.aws_security_group.DBSecurityGroup",
            "module.aws_network.aws_subnet.PublicSubnet0",
            "module.aws_network.aws_subnet.PublicSubnet1",
            "module.aws_network.aws_vpc.wordpress_vpc"
          ]
        }
      ]
    },
    {
      "module": "module.aws_database",
      "mode": "managed",
      "type": "aws_security_group",
      "name": "DBSecurityGroup",
      "provider": "provider[\"registry.terraform.io/hashicorp/aws\"]",
      "instances": [
        {
          "schema_version": 1,
          "attributes": {
            "arn": "arn:aws:ec2:us-east-1:386832079757:security-group/sg-08e464641a68af291",
            "description": "RDS Security Group",
            "egress": [
              {
                "cidr_blocks": [
                  "0.0.0.0/0"
                ],
                "description": "",
                "from_port": 0,
                "ipv6_cidr_blocks": [],
                "prefix_list_ids": [],
                "protocol": "-1",
                "security_groups": [],
                "self": false,
                "to_port": 0
              }
            ],
            "id": "sg-08e464641a68af291",
            "ingress": [
              {
                "cidr_blocks": [
                  "10.0.0.0/16"
                ],
                "description": "Allow database access to the whole VPC",
                "from_port": 3306,
                "ipv6_cidr_blocks": [],
                "prefix_list_ids": [],
                "protocol": "tcp",
                "security_groups": [],
                "self": false,
                "to_port": 3306
              }
            ],
            "name": "Wordpress-Demo-RDS-SG",
            "name_prefix": "",
            "owner_id": "386832079757",
            "revoke_rules_on_delete": false,
            "tags": null,
            "tags_all": {},
            "timeouts": null,
            "vpc_id": "vpc-07e5611de151e26d7"
          },
          "sensitive_attributes": [],
          "private": "eyJlMmJmYjczMC1lY2FhLTExZTYtOGY4OC0zNDM2M2JjN2M0YzAiOnsiY3JlYXRlIjo2MDAwMDAwMDAwMDAsImRlbGV0ZSI6OTAwMDAwMDAwMDAwfSwic2NoZW1hX3ZlcnNpb24iOiIxIn0=",
          "dependencies": [
            "module.aws_network.aws_vpc.wordpress_vpc"
          ]
        }
      ]
    },
    {
      "module": "module.aws_network",
      "mode": "managed",
      "type": "aws_efs_access_point",
      "name": "AccessPoint",
      "provider": "provider[\"registry.terraform.io/hashicorp/aws\"]",
      "instances": [
        {
          "schema_version": 0,
          "attributes": {
            "arn": "arn:aws:elasticfilesystem:us-east-1:386832079757:access-point/fsap-0ec7cadd4b2b4e055",
            "file_system_arn": "arn:aws:elasticfilesystem:us-east-1:386832079757:file-system/fs-079b3a51b5662aa5c",
            "file_system_id": "fs-079b3a51b5662aa5c",
            "id": "fsap-0ec7cadd4b2b4e055",
            "owner_id": "386832079757",
            "posix_user": [
              {
                "gid": 1000,
                "secondary_gids": null,
                "uid": 1000
              }
            ],
            "root_directory": [
              {
                "creation_info": [
                  {
                    "owner_gid": 1000,
                    "owner_uid": 1000,
                    "permissions": "0777"
                  }
                ],
                "path": "/bitnami"
              }
            ],
            "tags": null,
            "tags_all": {}
          },
          "sensitive_attributes": [],
          "private": "bnVsbA==",
          "dependencies": [
            "module.aws_network.aws_efs_file_system.FileSystem"
          ]
        }
      ]
    },
    {
      "module": "module.aws_network",
      "mode": "managed",
      "type": "aws_efs_file_system",
      "name": "FileSystem",
      "provider": "provider[\"registry.terraform.io/hashicorp/aws\"]",
      "instances": [
        {
          "schema_version": 0,
          "attributes": {
            "arn": "arn:aws:elasticfilesystem:us-east-1:386832079757:file-system/fs-079b3a51b5662aa5c",
            "availability_zone_id": "",
            "availability_zone_name": "",
            "creation_token": "terraform-20221122012531066700000001",
            "dns_name": "fs-079b3a51b5662aa5c.efs.us-east-1.amazonaws.com",
            "encrypted": true,
            "id": "fs-079b3a51b5662aa5c",
            "kms_key_id": "arn:aws:kms:us-east-1:386832079757:key/9dec5acc-2e65-4853-9110-fc5cbd6c8f4e",
            "lifecycle_policy": [],
            "number_of_mount_targets": 0,
            "owner_id": "386832079757",
            "performance_mode": "generalPurpose",
            "provisioned_throughput_in_mibps": 0,
            "size_in_bytes": [
              {
                "value": 6144,
                "value_in_ia": 0,
                "value_in_standard": 6144
              }
            ],
            "tags": {
              "Name": "Wordpress-demo"
            },
            "tags_all": {
              "Name": "Wordpress-demo"
            },
            "throughput_mode": "bursting"
          },
          "sensitive_attributes": [],
          "private": "bnVsbA=="
        }
      ]
    },
    {
      "module": "module.aws_network",
      "mode": "managed",
      "type": "aws_efs_mount_target",
      "name": "MountTarget1",
      "provider": "provider[\"registry.terraform.io/hashicorp/aws\"]",
      "instances": [
        {
          "schema_version": 0,
          "attributes": {
            "availability_zone_id": "use1-az4",
            "availability_zone_name": "us-east-1a",
            "dns_name": "fs-079b3a51b5662aa5c.efs.us-east-1.amazonaws.com",
            "file_system_arn": "arn:aws:elasticfilesystem:us-east-1:386832079757:file-system/fs-079b3a51b5662aa5c",
            "file_system_id": "fs-079b3a51b5662aa5c",
            "id": "fsmt-03bdf29add3d54e11",
            "ip_address": "10.0.2.138",
            "mount_target_dns_name": "us-east-1a.fs-079b3a51b5662aa5c.efs.us-east-1.amazonaws.com",
            "network_interface_id": "eni-002ab636aa4bf922c",
            "owner_id": "386832079757",
            "security_groups": [
              "sg-002273659771a1613"
            ],
            "subnet_id": "subnet-0d6225803e65d255e"
          },
          "sensitive_attributes": [],
          "private": "bnVsbA==",
          "dependencies": [
            "module.aws_network.aws_efs_file_system.FileSystem",
            "module.aws_network.aws_security_group.MountTargetSecurityGroup",
            "module.aws_network.aws_subnet.PrivateSubnet0",
            "module.aws_network.aws_vpc.wordpress_vpc"
          ]
        }
      ]
    },
    {
      "module": "module.aws_network",
      "mode": "managed",
      "type": "aws_efs_mount_target",
      "name": "MountTarget2",
      "provider": "provider[\"registry.terraform.io/hashicorp/aws\"]",
      "instances": [
        {
          "schema_version": 0,
          "attributes": {
            "availability_zone_id": "use1-az6",
            "availability_zone_name": "us-east-1b",
            "dns_name": "fs-079b3a51b5662aa5c.efs.us-east-1.amazonaws.com",
            "file_system_arn": "arn:aws:elasticfilesystem:us-east-1:386832079757:file-system/fs-079b3a51b5662aa5c",
            "file_system_id": "fs-079b3a51b5662aa5c",
            "id": "fsmt-0e7c7eb337855cd6a",
            "ip_address": "10.0.3.226",
            "mount_target_dns_name": "us-east-1b.fs-079b3a51b5662aa5c.efs.us-east-1.amazonaws.com",
            "network_interface_id": "eni-0828840768e8e7ab9",
            "owner_id": "386832079757",
            "security_groups": [
              "sg-002273659771a1613"
            ],
            "subnet_id": "subnet-0353233c7856f2af4"
          },
          "sensitive_attributes": [],
          "private": "bnVsbA==",
          "dependencies": [
            "module.aws_network.aws_efs_file_system.FileSystem",
            "module.aws_network.aws_security_group.MountTargetSecurityGroup",
            "module.aws_network.aws_subnet.PrivateSubnet1",
            "module.aws_network.aws_vpc.wordpress_vpc"
          ]
        }
      ]
    },
    {
      "module": "module.aws_network",
      "mode": "managed",
      "type": "aws_eip",
      "name": "ElasticIP0",
      "provider": "provider[\"registry.terraform.io/hashicorp/aws\"]",
      "instances": [
        {
          "schema_version": 0,
          "attributes": {
            "address": null,
            "allocation_id": "eipalloc-05ec2348a34da8303",
            "associate_with_private_ip": null,
            "association_id": "",
            "carrier_ip": "",
            "customer_owned_ip": "",
            "customer_owned_ipv4_pool": "",
            "domain": "vpc",
            "id": "eipalloc-05ec2348a34da8303",
            "instance": "",
            "network_border_group": "us-east-1",
            "network_interface": "",
            "private_dns": null,
            "private_ip": "",
            "public_dns": "ec2-34-226-109-39.compute-1.amazonaws.com",
            "public_ip": "34.226.109.39",
            "public_ipv4_pool": "amazon",
            "tags": null,
            "tags_all": {},
            "timeouts": null,
            "vpc": true
          },
          "sensitive_attributes": [],
          "private": "eyJlMmJmYjczMC1lY2FhLTExZTYtOGY4OC0zNDM2M2JjN2M0YzAiOnsiZGVsZXRlIjoxODAwMDAwMDAwMDAsInJlYWQiOjkwMDAwMDAwMDAwMCwidXBkYXRlIjozMDAwMDAwMDAwMDB9fQ=="
        }
      ]
    },
    {
      "module": "module.aws_network",
      "mode": "managed",
      "type": "aws_eip",
      "name": "ElasticIP1",
      "provider": "provider[\"registry.terraform.io/hashicorp/aws\"]",
      "instances": [
        {
          "schema_version": 0,
          "attributes": {
            "address": null,
            "allocation_id": "eipalloc-0b8fe55c25958a653",
            "associate_with_private_ip": null,
            "association_id": "",
            "carrier_ip": "",
            "customer_owned_ip": "",
            "customer_owned_ipv4_pool": "",
            "domain": "vpc",
            "id": "eipalloc-0b8fe55c25958a653",
            "instance": "",
            "network_border_group": "us-east-1",
            "network_interface": "",
            "private_dns": null,
            "private_ip": "",
            "public_dns": "ec2-52-200-141-158.compute-1.amazonaws.com",
            "public_ip": "52.200.141.158",
            "public_ipv4_pool": "amazon",
            "tags": null,
            "tags_all": {},
            "timeouts": null,
            "vpc": true
          },
          "sensitive_attributes": [],
          "private": "eyJlMmJmYjczMC1lY2FhLTExZTYtOGY4OC0zNDM2M2JjN2M0YzAiOnsiZGVsZXRlIjoxODAwMDAwMDAwMDAsInJlYWQiOjkwMDAwMDAwMDAwMCwidXBkYXRlIjozMDAwMDAwMDAwMDB9fQ=="
        }
      ]
    },
    {
      "module": "module.aws_network",
      "mode": "managed",
      "type": "aws_internet_gateway",
      "name": "InternetGateway",
      "provider": "provider[\"registry.terraform.io/hashicorp/aws\"]",
      "instances": [
        {
          "schema_version": 0,
          "attributes": {
            "arn": "arn:aws:ec2:us-east-1:386832079757:internet-gateway/igw-0232a95d68dd0d244",
            "id": "igw-0232a95d68dd0d244",
            "owner_id": "386832079757",
            "tags": {
              "Application": "Stack Name",
              "Name": "VPCNameParameter-public-+ aws_vpc.wordpress_vpc.name-IGW",
              "Network": "Public"
            },
            "tags_all": {
              "Application": "Stack Name",
              "Name": "VPCNameParameter-public-+ aws_vpc.wordpress_vpc.name-IGW",
              "Network": "Public"
            },
            "timeouts": null,
            "vpc_id": "vpc-07e5611de151e26d7"
          },
          "sensitive_attributes": [],
          "private": "eyJlMmJmYjczMC1lY2FhLTExZTYtOGY4OC0zNDM2M2JjN2M0YzAiOnsiY3JlYXRlIjoxMjAwMDAwMDAwMDAwLCJkZWxldGUiOjEyMDAwMDAwMDAwMDAsInVwZGF0ZSI6MTIwMDAwMDAwMDAwMH19",
          "dependencies": [
            "module.aws_network.aws_vpc.wordpress_vpc"
          ]
        }
      ]
    },
    {
      "module": "module.aws_network",
      "mode": "managed",
      "type": "aws_nat_gateway",
      "name": "NATGateway0",
      "provider": "provider[\"registry.terraform.io/hashicorp/aws\"]",
      "instances": [
        {
          "schema_version": 0,
          "attributes": {
            "allocation_id": "eipalloc-05ec2348a34da8303",
            "connectivity_type": "public",
            "id": "nat-087e1f78d345160b0",
            "network_interface_id": "eni-06f1badc5712b2506",
            "private_ip": "10.0.0.139",
            "public_ip": "34.226.109.39",
            "subnet_id": "subnet-0235fa04dbacdbcf0",
            "tags": {
              "Name": "gw NAT"
            },
            "tags_all": {
              "Name": "gw NAT"
            }
          },
          "sensitive_attributes": [],
          "private": "bnVsbA==",
          "dependencies": [
            "module.aws_network.aws_eip.ElasticIP0",
            "module.aws_network.aws_internet_gateway.InternetGateway",
            "module.aws_network.aws_subnet.PublicSubnet0",
            "module.aws_network.aws_vpc.wordpress_vpc"
          ]
        }
      ]
    },
    {
      "module": "module.aws_network",
      "mode": "managed",
      "type": "aws_nat_gateway",
      "name": "NATGateway1",
      "provider": "provider[\"registry.terraform.io/hashicorp/aws\"]",
      "instances": [
        {
          "schema_version": 0,
          "attributes": {
            "allocation_id": "eipalloc-0b8fe55c25958a653",
            "connectivity_type": "public",
            "id": "nat-0b92b59526c14159b",
            "network_interface_id": "eni-02250ab5720e23d37",
            "private_ip": "10.0.1.240",
            "public_ip": "52.200.141.158",
            "subnet_id": "subnet-01399ce307c790800",
            "tags": {
              "Name": "gw NAT"
            },
            "tags_all": {
              "Name": "gw NAT"
            }
          },
          "sensitive_attributes": [],
          "private": "bnVsbA==",
          "dependencies": [
            "module.aws_network.aws_eip.ElasticIP1",
            "module.aws_network.aws_internet_gateway.InternetGateway",
            "module.aws_network.aws_subnet.PublicSubnet1",
            "module.aws_network.aws_vpc.wordpress_vpc"
          ]
        }
      ]
    },
    {
      "module": "module.aws_network",
      "mode": "managed",
      "type": "aws_network_acl",
      "name": "PublicNetworkAcl",
      "provider": "provider[\"registry.terraform.io/hashicorp/aws\"]",
      "instances": [
        {
          "schema_version": 0,
          "attributes": {
            "arn": "arn:aws:ec2:us-east-1:386832079757:network-acl/acl-0e0a07deea62d84d3",
            "egress": [],
            "id": "acl-0e0a07deea62d84d3",
            "ingress": [],
            "owner_id": "386832079757",
            "subnet_ids": [],
            "tags": {
              "Name": "WordpressBlogVPC-public-nacl"
            },
            "tags_all": {
              "Name": "WordpressBlogVPC-public-nacl"
            },
            "vpc_id": "vpc-07e5611de151e26d7"
          },
          "sensitive_attributes": [],
          "private": "bnVsbA==",
          "dependencies": [
            "module.aws_network.aws_vpc.wordpress_vpc"
          ]
        }
      ]
    },
    {
      "module": "module.aws_network",
      "mode": "managed",
      "type": "aws_network_acl_association",
      "name": "PublicSubnetNetworkAclAssociation0",
      "provider": "provider[\"registry.terraform.io/hashicorp/aws\"]",
      "instances": [
        {
          "schema_version": 0,
          "attributes": {
            "id": "aclassoc-0d930cb722b13cc1f",
            "network_acl_id": "acl-0e0a07deea62d84d3",
            "subnet_id": "subnet-0235fa04dbacdbcf0"
          },
          "sensitive_attributes": [],
          "private": "bnVsbA==",
          "dependencies": [
            "module.aws_network.aws_network_acl.PublicNetworkAcl",
            "module.aws_network.aws_subnet.PublicSubnet0",
            "module.aws_network.aws_vpc.wordpress_vpc"
          ]
        }
      ]
    },
    {
      "module": "module.aws_network",
      "mode": "managed",
      "type": "aws_network_acl_association",
      "name": "PublicSubnetNetworkAclAssociation1",
      "provider": "provider[\"registry.terraform.io/hashicorp/aws\"]",
      "instances": [
        {
          "schema_version": 0,
          "attributes": {
            "id": "aclassoc-0253dd21243bb8042",
            "network_acl_id": "acl-0e0a07deea62d84d3",
            "subnet_id": "subnet-01399ce307c790800"
          },
          "sensitive_attributes": [],
          "private": "bnVsbA==",
          "dependencies": [
            "module.aws_network.aws_network_acl.PublicNetworkAcl",
            "module.aws_network.aws_subnet.PublicSubnet1",
            "module.aws_network.aws_vpc.wordpress_vpc"
          ]
        }
      ]
    },
    {
      "module": "module.aws_network",
      "mode": "managed",
      "type": "aws_network_acl_rule",
      "name": "PublicNetworkAcl_egress",
      "provider": "provider[\"registry.terraform.io/hashicorp/aws\"]",
      "instances": [
        {
          "schema_version": 0,
          "attributes": {
            "cidr_block": "0.0.0.0/0",
            "egress": true,
            "from_port": 0,
            "icmp_code": null,
            "icmp_type": null,
            "id": "nacl-2278063542",
            "ipv6_cidr_block": "",
            "network_acl_id": "acl-0e0a07deea62d84d3",
            "protocol": "-1",
            "rule_action": "allow",
            "rule_number": 100,
            "to_port": 0
          },
          "sensitive_attributes": [],
          "private": "bnVsbA==",
          "dependencies": [
            "module.aws_network.aws_network_acl.PublicNetworkAcl",
            "module.aws_network.aws_vpc.wordpress_vpc"
          ]
        }
      ]
    },
    {
      "module": "module.aws_network",
      "mode": "managed",
      "type": "aws_network_acl_rule",
      "name": "PublicNetworkAcl_ingress",
      "provider": "provider[\"registry.terraform.io/hashicorp/aws\"]",
      "instances": [
        {
          "schema_version": 0,
          "attributes": {
            "cidr_block": "0.0.0.0/0",
            "egress": false,
            "from_port": 0,
            "icmp_code": null,
            "icmp_type": null,
            "id": "nacl-2036014425",
            "ipv6_cidr_block": "",
            "network_acl_id": "acl-0e0a07deea62d84d3",
            "protocol": "-1",
            "rule_action": "allow",
            "rule_number": 100,
            "to_port": 0
          },
          "sensitive_attributes": [],
          "private": "bnVsbA==",
          "dependencies": [
            "module.aws_network.aws_network_acl.PublicNetworkAcl",
            "module.aws_network.aws_vpc.wordpress_vpc"
          ]
        }
      ]
    },
    {
      "module": "module.aws_network",
      "mode": "managed",
      "type": "aws_route_table",
      "name": "PrivateRouteTable0",
      "provider": "provider[\"registry.terraform.io/hashicorp/aws\"]",
      "instances": [
        {
          "schema_version": 0,
          "attributes": {
            "arn": "arn:aws:ec2:us-east-1:386832079757:route-table/rtb-0a9ad2e64d1688f60",
            "id": "rtb-0a9ad2e64d1688f60",
            "owner_id": "386832079757",
            "propagating_vgws": [],
            "route": [
              {
                "carrier_gateway_id": "",
                "cidr_block": "0.0.0.0/0",
                "core_network_arn": "",
                "destination_prefix_list_id": "",
                "egress_only_gateway_id": "",
                "gateway_id": "",
                "instance_id": "",
                "ipv6_cidr_block": "",
                "local_gateway_id": "",
                "nat_gateway_id": "nat-087e1f78d345160b0",
                "network_interface_id": "",
                "transit_gateway_id": "",
                "vpc_endpoint_id": "",
                "vpc_peering_connection_id": ""
              }
            ],
            "tags": {
              "Application": "Stack Name...",
              "Name": "VPC Name-private-route-table-0",
              "Network": "Private"
            },
            "tags_all": {
              "Application": "Stack Name...",
              "Name": "VPC Name-private-route-table-0",
              "Network": "Private"
            },
            "timeouts": null,
            "vpc_id": "vpc-07e5611de151e26d7"
          },
          "sensitive_attributes": [],
          "private": "eyJlMmJmYjczMC1lY2FhLTExZTYtOGY4OC0zNDM2M2JjN2M0YzAiOnsiY3JlYXRlIjozMDAwMDAwMDAwMDAsImRlbGV0ZSI6MzAwMDAwMDAwMDAwLCJ1cGRhdGUiOjEyMDAwMDAwMDAwMH19",
          "dependencies": [
            "module.aws_network.aws_eip.ElasticIP0",
            "module.aws_network.aws_internet_gateway.InternetGateway",
            "module.aws_network.aws_nat_gateway.NATGateway0",
            "module.aws_network.aws_subnet.PublicSubnet0",
            "module.aws_network.aws_vpc.wordpress_vpc"
          ]
        }
      ]
    },
    {
      "module": "module.aws_network",
      "mode": "managed",
      "type": "aws_route_table",
      "name": "PrivateRouteTable1",
      "provider": "provider[\"registry.terraform.io/hashicorp/aws\"]",
      "instances": [
        {
          "schema_version": 0,
          "attributes": {
            "arn": "arn:aws:ec2:us-east-1:386832079757:route-table/rtb-0601de0d6ea6d915e",
            "id": "rtb-0601de0d6ea6d915e",
            "owner_id": "386832079757",
            "propagating_vgws": [],
            "route": [
              {
                "carrier_gateway_id": "",
                "cidr_block": "0.0.0.0/0",
                "core_network_arn": "",
                "destination_prefix_list_id": "",
                "egress_only_gateway_id": "",
                "gateway_id": "",
                "instance_id": "",
                "ipv6_cidr_block": "",
                "local_gateway_id": "",
                "nat_gateway_id": "nat-0b92b59526c14159b",
                "network_interface_id": "",
                "transit_gateway_id": "",
                "vpc_endpoint_id": "",
                "vpc_peering_connection_id": ""
              }
            ],
            "tags": {
              "Application": "Stack Name...",
              "Name": "VPC Name-private-route-table-1",
              "Network": "Private"
            },
            "tags_all": {
              "Application": "Stack Name...",
              "Name": "VPC Name-private-route-table-1",
              "Network": "Private"
            },
            "timeouts": null,
            "vpc_id": "vpc-07e5611de151e26d7"
          },
          "sensitive_attributes": [],
          "private": "eyJlMmJmYjczMC1lY2FhLTExZTYtOGY4OC0zNDM2M2JjN2M0YzAiOnsiY3JlYXRlIjozMDAwMDAwMDAwMDAsImRlbGV0ZSI6MzAwMDAwMDAwMDAwLCJ1cGRhdGUiOjEyMDAwMDAwMDAwMH19",
          "dependencies": [
            "module.aws_network.aws_eip.ElasticIP1",
            "module.aws_network.aws_internet_gateway.InternetGateway",
            "module.aws_network.aws_nat_gateway.NATGateway1",
            "module.aws_network.aws_subnet.PublicSubnet1",
            "module.aws_network.aws_vpc.wordpress_vpc"
          ]
        }
      ]
    },
    {
      "module": "module.aws_network",
      "mode": "managed",
      "type": "aws_route_table",
      "name": "PublicRouteTable",
      "provider": "provider[\"registry.terraform.io/hashicorp/aws\"]",
      "instances": [
        {
          "schema_version": 0,
          "attributes": {
            "arn": "arn:aws:ec2:us-east-1:386832079757:route-table/rtb-0e4dea84611d40f09",
            "id": "rtb-0e4dea84611d40f09",
            "owner_id": "386832079757",
            "propagating_vgws": [],
            "route": [
              {
                "carrier_gateway_id": "",
                "cidr_block": "0.0.0.0/0",
                "core_network_arn": "",
                "destination_prefix_list_id": "",
                "egress_only_gateway_id": "",
                "gateway_id": "igw-0232a95d68dd0d244",
                "instance_id": "",
                "ipv6_cidr_block": "",
                "local_gateway_id": "",
                "nat_gateway_id": "",
                "network_interface_id": "",
                "transit_gateway_id": "",
                "vpc_endpoint_id": "",
                "vpc_peering_connection_id": ""
              }
            ],
            "tags": {
              "Application": "Stack Name...",
              "Name": "VPC Name-public-route-table",
              "Network": "Public"
            },
            "tags_all": {
              "Application": "Stack Name...",
              "Name": "VPC Name-public-route-table",
              "Network": "Public"
            },
            "timeouts": null,
            "vpc_id": "vpc-07e5611de151e26d7"
          },
          "sensitive_attributes": [],
          "private": "eyJlMmJmYjczMC1lY2FhLTExZTYtOGY4OC0zNDM2M2JjN2M0YzAiOnsiY3JlYXRlIjozMDAwMDAwMDAwMDAsImRlbGV0ZSI6MzAwMDAwMDAwMDAwLCJ1cGRhdGUiOjEyMDAwMDAwMDAwMH19",
          "dependencies": [
            "module.aws_network.aws_internet_gateway.InternetGateway",
            "module.aws_network.aws_vpc.wordpress_vpc"
          ]
        }
      ]
    },
    {
      "module": "module.aws_network",
      "mode": "managed",
      "type": "aws_route_table_association",
      "name": "PrivateSubnetRouteTableAssociation0",
      "provider": "provider[\"registry.terraform.io/hashicorp/aws\"]",
      "instances": [
        {
          "schema_version": 0,
          "attributes": {
            "gateway_id": "",
            "id": "rtbassoc-09868ffbf394358a9",
            "route_table_id": "rtb-0a9ad2e64d1688f60",
            "subnet_id": "subnet-0d6225803e65d255e"
          },
          "sensitive_attributes": [],
          "private": "bnVsbA==",
          "dependencies": [
            "module.aws_network.aws_eip.ElasticIP0",
            "module.aws_network.aws_internet_gateway.InternetGateway",
            "module.aws_network.aws_nat_gateway.NATGateway0",
            "module.aws_network.aws_route_table.PrivateRouteTable0",
            "module.aws_network.aws_subnet.PrivateSubnet0",
            "module.aws_network.aws_subnet.PublicSubnet0",
            "module.aws_network.aws_vpc.wordpress_vpc"
          ]
        }
      ]
    },
    {
      "module": "module.aws_network",
      "mode": "managed",
      "type": "aws_route_table_association",
      "name": "PrivateSubnetRouteTableAssociation1",
      "provider": "provider[\"registry.terraform.io/hashicorp/aws\"]",
      "instances": [
        {
          "schema_version": 0,
          "attributes": {
            "gateway_id": "",
            "id": "rtbassoc-036fd26b857025fc6",
            "route_table_id": "rtb-0601de0d6ea6d915e",
            "subnet_id": "subnet-0353233c7856f2af4"
          },
          "sensitive_attributes": [],
          "private": "bnVsbA==",
          "dependencies": [
            "module.aws_network.aws_eip.ElasticIP1",
            "module.aws_network.aws_internet_gateway.InternetGateway",
            "module.aws_network.aws_nat_gateway.NATGateway1",
            "module.aws_network.aws_route_table.PrivateRouteTable1",
            "module.aws_network.aws_subnet.PrivateSubnet1",
            "module.aws_network.aws_subnet.PublicSubnet1",
            "module.aws_network.aws_vpc.wordpress_vpc"
          ]
        }
      ]
    },
    {
      "module": "module.aws_network",
      "mode": "managed",
      "type": "aws_route_table_association",
      "name": "PublicSubnetRouteTableAssociation0",
      "provider": "provider[\"registry.terraform.io/hashicorp/aws\"]",
      "instances": [
        {
          "schema_version": 0,
          "attributes": {
            "gateway_id": "",
            "id": "rtbassoc-019e30561ff9939fb",
            "route_table_id": "rtb-0e4dea84611d40f09",
            "subnet_id": "subnet-0235fa04dbacdbcf0"
          },
          "sensitive_attributes": [],
          "private": "bnVsbA==",
          "dependencies": [
            "module.aws_network.aws_internet_gateway.InternetGateway",
            "module.aws_network.aws_route_table.PublicRouteTable",
            "module.aws_network.aws_subnet.PublicSubnet0",
            "module.aws_network.aws_vpc.wordpress_vpc"
          ]
        }
      ]
    },
    {
      "module": "module.aws_network",
      "mode": "managed",
      "type": "aws_route_table_association",
      "name": "PublicSubnetRouteTableAssociation1",
      "provider": "provider[\"registry.terraform.io/hashicorp/aws\"]",
      "instances": [
        {
          "schema_version": 0,
          "attributes": {
            "gateway_id": "",
            "id": "rtbassoc-0d7710b70981f68b9",
            "route_table_id": "rtb-0e4dea84611d40f09",
            "subnet_id": "subnet-01399ce307c790800"
          },
          "sensitive_attributes": [],
          "private": "bnVsbA==",
          "dependencies": [
            "module.aws_network.aws_internet_gateway.InternetGateway",
            "module.aws_network.aws_route_table.PublicRouteTable",
            "module.aws_network.aws_subnet.PublicSubnet1",
            "module.aws_network.aws_vpc.wordpress_vpc"
          ]
        }
      ]
    },
    {
      "module": "module.aws_network",
      "mode": "managed",
      "type": "aws_security_group",
      "name": "MountTargetSecurityGroup",
      "provider": "provider[\"registry.terraform.io/hashicorp/aws\"]",
      "instances": [
        {
          "schema_version": 1,
          "attributes": {
            "arn": "arn:aws:ec2:us-east-1:386832079757:security-group/sg-002273659771a1613",
            "description": "FileSystem Security Group",
            "egress": [
              {
                "cidr_blocks": [
                  "0.0.0.0/0"
                ],
                "description": "",
                "from_port": 0,
                "ipv6_cidr_blocks": [],
                "prefix_list_ids": [],
                "protocol": "-1",
                "security_groups": [],
                "self": false,
                "to_port": 0
              }
            ],
            "id": "sg-002273659771a1613",
            "ingress": [
              {
                "cidr_blocks": [
                  "10.0.0.0/16"
                ],
                "description": "File System",
                "from_port": 2049,
                "ipv6_cidr_blocks": [],
                "prefix_list_ids": [],
                "protocol": "tcp",
                "security_groups": [],
                "self": false,
                "to_port": 2049
              }
            ],
            "name": "Wordpress-Demo-EFS-SG",
            "name_prefix": "",
            "owner_id": "386832079757",
            "revoke_rules_on_delete": false,
            "tags": null,
            "tags_all": {},
            "timeouts": null,
            "vpc_id": "vpc-07e5611de151e26d7"
          },
          "sensitive_attributes": [],
          "private": "eyJlMmJmYjczMC1lY2FhLTExZTYtOGY4OC0zNDM2M2JjN2M0YzAiOnsiY3JlYXRlIjo2MDAwMDAwMDAwMDAsImRlbGV0ZSI6OTAwMDAwMDAwMDAwfSwic2NoZW1hX3ZlcnNpb24iOiIxIn0=",
          "dependencies": [
            "module.aws_network.aws_vpc.wordpress_vpc"
          ]
        }
      ]
    },
    {
      "module": "module.aws_network",
      "mode": "managed",
      "type": "aws_subnet",
      "name": "PrivateSubnet0",
      "provider": "provider[\"registry.terraform.io/hashicorp/aws\"]",
      "instances": [
        {
          "schema_version": 1,
          "attributes": {
            "arn": "arn:aws:ec2:us-east-1:386832079757:subnet/subnet-0d6225803e65d255e",
            "assign_ipv6_address_on_creation": false,
            "availability_zone": "us-east-1a",
            "availability_zone_id": "use1-az4",
            "cidr_block": "10.0.2.0/24",
            "customer_owned_ipv4_pool": "",
            "enable_dns64": false,
            "enable_resource_name_dns_a_record_on_launch": false,
            "enable_resource_name_dns_aaaa_record_on_launch": false,
            "id": "subnet-0d6225803e65d255e",
            "ipv6_cidr_block": "",
            "ipv6_cidr_block_association_id": "",
            "ipv6_native": false,
            "map_customer_owned_ip_on_launch": false,
            "map_public_ip_on_launch": true,
            "outpost_arn": "",
            "owner_id": "386832079757",
            "private_dns_hostname_type_on_launch": "ip-name",
            "tags": {
              "Application": "Stack Name",
              "Name": "VPCNameParameter-private-+ aws_wordpress_private_subnet.PrivateSubnet0.availability_zone",
              "Network": "Private"
            },
            "tags_all": {
              "Application": "Stack Name",
              "Name": "VPCNameParameter-private-+ aws_wordpress_private_subnet.PrivateSubnet0.availability_zone",
              "Network": "Private"
            },
            "timeouts": null,
            "vpc_id": "vpc-07e5611de151e26d7"
          },
          "sensitive_attributes": [],
          "private": "eyJlMmJmYjczMC1lY2FhLTExZTYtOGY4OC0zNDM2M2JjN2M0YzAiOnsiY3JlYXRlIjo2MDAwMDAwMDAwMDAsImRlbGV0ZSI6MTIwMDAwMDAwMDAwMH0sInNjaGVtYV92ZXJzaW9uIjoiMSJ9",
          "dependencies": [
            "module.aws_network.aws_vpc.wordpress_vpc"
          ]
        }
      ]
    },
    {
      "module": "module.aws_network",
      "mode": "managed",
      "type": "aws_subnet",
      "name": "PrivateSubnet1",
      "provider": "provider[\"registry.terraform.io/hashicorp/aws\"]",
      "instances": [
        {
          "schema_version": 1,
          "attributes": {
            "arn": "arn:aws:ec2:us-east-1:386832079757:subnet/subnet-0353233c7856f2af4",
            "assign_ipv6_address_on_creation": false,
            "availability_zone": "us-east-1b",
            "availability_zone_id": "use1-az6",
            "cidr_block": "10.0.3.0/24",
            "customer_owned_ipv4_pool": "",
            "enable_dns64": false,
            "enable_resource_name_dns_a_record_on_launch": false,
            "enable_resource_name_dns_aaaa_record_on_launch": false,
            "id": "subnet-0353233c7856f2af4",
            "ipv6_cidr_block": "",
            "ipv6_cidr_block_association_id": "",
            "ipv6_native": false,
            "map_customer_owned_ip_on_launch": false,
            "map_public_ip_on_launch": true,
            "outpost_arn": "",
            "owner_id": "386832079757",
            "private_dns_hostname_type_on_launch": "ip-name",
            "tags": {
              "Application": "Stack Name",
              "Name": "VPCNameParameter-private-+ aws_wordpress_private_subnet.PrivateSubnet1.availability_zone",
              "Network": "Private"
            },
            "tags_all": {
              "Application": "Stack Name",
              "Name": "VPCNameParameter-private-+ aws_wordpress_private_subnet.PrivateSubnet1.availability_zone",
              "Network": "Private"
            },
            "timeouts": null,
            "vpc_id": "vpc-07e5611de151e26d7"
          },
          "sensitive_attributes": [],
          "private": "eyJlMmJmYjczMC1lY2FhLTExZTYtOGY4OC0zNDM2M2JjN2M0YzAiOnsiY3JlYXRlIjo2MDAwMDAwMDAwMDAsImRlbGV0ZSI6MTIwMDAwMDAwMDAwMH0sInNjaGVtYV92ZXJzaW9uIjoiMSJ9",
          "dependencies": [
            "module.aws_network.aws_vpc.wordpress_vpc"
          ]
        }
      ]
    },
    {
      "module": "module.aws_network",
      "mode": "managed",
      "type": "aws_subnet",
      "name": "PublicSubnet0",
      "provider": "provider[\"registry.terraform.io/hashicorp/aws\"]",
      "instances": [
        {
          "schema_version": 1,
          "attributes": {
            "arn": "arn:aws:ec2:us-east-1:386832079757:subnet/subnet-0235fa04dbacdbcf0",
            "assign_ipv6_address_on_creation": false,
            "availability_zone": "us-east-1a",
            "availability_zone_id": "use1-az4",
            "cidr_block": "10.0.0.0/24",
            "customer_owned_ipv4_pool": "",
            "enable_dns64": false,
            "enable_resource_name_dns_a_record_on_launch": false,
            "enable_resource_name_dns_aaaa_record_on_launch": false,
            "id": "subnet-0235fa04dbacdbcf0",
            "ipv6_cidr_block": "",
            "ipv6_cidr_block_association_id": "",
            "ipv6_native": false,
            "map_customer_owned_ip_on_launch": false,
            "map_public_ip_on_launch": true,
            "outpost_arn": "",
            "owner_id": "386832079757",
            "private_dns_hostname_type_on_launch": "ip-name",
            "tags": {
              "Application": "Stack Name",
              "Name": "VPCNameParameter-public-+ aws_wordpress_public_subnet.PublicSubnet0.availability_zone",
              "Network": "Public"
            },
            "tags_all": {
              "Application": "Stack Name",
              "Name": "VPCNameParameter-public-+ aws_wordpress_public_subnet.PublicSubnet0.availability_zone",
              "Network": "Public"
            },
            "timeouts": null,
            "vpc_id": "vpc-07e5611de151e26d7"
          },
          "sensitive_attributes": [],
          "private": "eyJlMmJmYjczMC1lY2FhLTExZTYtOGY4OC0zNDM2M2JjN2M0YzAiOnsiY3JlYXRlIjo2MDAwMDAwMDAwMDAsImRlbGV0ZSI6MTIwMDAwMDAwMDAwMH0sInNjaGVtYV92ZXJzaW9uIjoiMSJ9",
          "dependencies": [
            "module.aws_network.aws_vpc.wordpress_vpc"
          ]
        }
      ]
    },
    {
      "module": "module.aws_network",
      "mode": "managed",
      "type": "aws_subnet",
      "name": "PublicSubnet1",
      "provider": "provider[\"registry.terraform.io/hashicorp/aws\"]",
      "instances": [
        {
          "schema_version": 1,
          "attributes": {
            "arn": "arn:aws:ec2:us-east-1:386832079757:subnet/subnet-01399ce307c790800",
            "assign_ipv6_address_on_creation": false,
            "availability_zone": "us-east-1b",
            "availability_zone_id": "use1-az6",
            "cidr_block": "10.0.1.0/24",
            "customer_owned_ipv4_pool": "",
            "enable_dns64": false,
            "enable_resource_name_dns_a_record_on_launch": false,
            "enable_resource_name_dns_aaaa_record_on_launch": false,
            "id": "subnet-01399ce307c790800",
            "ipv6_cidr_block": "",
            "ipv6_cidr_block_association_id": "",
            "ipv6_native": false,
            "map_customer_owned_ip_on_launch": false,
            "map_public_ip_on_launch": true,
            "outpost_arn": "",
            "owner_id": "386832079757",
            "private_dns_hostname_type_on_launch": "ip-name",
            "tags": {
              "Application": "Stack Name",
              "Name": "VPCNameParameter-public-+ aws_wordpress_public_subnet.PublicSubnet1.availability_zone",
              "Network": "Public"
            },
            "tags_all": {
              "Application": "Stack Name",
              "Name": "VPCNameParameter-public-+ aws_wordpress_public_subnet.PublicSubnet1.availability_zone",
              "Network": "Public"
            },
            "timeouts": null,
            "vpc_id": "vpc-07e5611de151e26d7"
          },
          "sensitive_attributes": [],
          "private": "eyJlMmJmYjczMC1lY2FhLTExZTYtOGY4OC0zNDM2M2JjN2M0YzAiOnsiY3JlYXRlIjo2MDAwMDAwMDAwMDAsImRlbGV0ZSI6MTIwMDAwMDAwMDAwMH0sInNjaGVtYV92ZXJzaW9uIjoiMSJ9",
          "dependencies": [
            "module.aws_network.aws_vpc.wordpress_vpc"
          ]
        }
      ]
    },
    {
      "module": "module.aws_network",
      "mode": "managed",
      "type": "aws_vpc",
      "name": "wordpress_vpc",
      "provider": "provider[\"registry.terraform.io/hashicorp/aws\"]",
      "instances": [
        {
          "schema_version": 1,
          "attributes": {
            "arn": "arn:aws:ec2:us-east-1:386832079757:vpc/vpc-07e5611de151e26d7",
            "assign_generated_ipv6_cidr_block": false,
            "cidr_block": "10.0.0.0/16",
            "default_network_acl_id": "acl-04716a94618516f82",
            "default_route_table_id": "rtb-07d39c5976fe1f332",
            "default_security_group_id": "sg-085c4f19b1d80f6ee",
            "dhcp_options_id": "dopt-83d1cae1",
            "enable_classiclink": false,
            "enable_classiclink_dns_support": false,
            "enable_dns_hostnames": true,
            "enable_dns_support": true,
            "enable_network_address_usage_metrics": false,
            "id": "vpc-07e5611de151e26d7",
            "instance_tenancy": "default",
            "ipv4_ipam_pool_id": null,
            "ipv4_netmask_length": null,
            "ipv6_association_id": "",
            "ipv6_cidr_block": "",
            "ipv6_cidr_block_network_border_group": "",
            "ipv6_ipam_pool_id": "",
            "ipv6_netmask_length": 0,
            "main_route_table_id": "rtb-07d39c5976fe1f332",
            "owner_id": "386832079757",
            "tags": {
              "Name": "WordpressBlogVPC",
              "Network": "Public"
            },
            "tags_all": {
              "Name": "WordpressBlogVPC",
              "Network": "Public"
            }
          },
          "sensitive_attributes": [],
          "private": "eyJzY2hlbWFfdmVyc2lvbiI6IjEifQ=="
        }
      ]
    },
    {
      "module": "module.aws_worpress_app",
      "mode": "data",
      "type": "aws_caller_identity",
      "name": "current",
      "provider": "provider[\"registry.terraform.io/hashicorp/aws\"]",
      "instances": [
        {
          "schema_version": 0,
          "attributes": {
            "account_id": "386832079757",
            "arn": "arn:aws:iam::386832079757:user/tf-user",
            "id": "386832079757",
            "user_id": "AIDAVUEH5DOGSHF5IA262"
          },
          "sensitive_attributes": []
        }
      ]
    },
    {
      "module": "module.aws_worpress_app",
      "mode": "managed",
      "type": "aws_alb_listener",
      "name": "WordPressALBListener",
      "provider": "provider[\"registry.terraform.io/hashicorp/aws\"]",
      "instances": [
        {
          "schema_version": 0,
          "attributes": {
            "alpn_policy": null,
            "arn": "arn:aws:elasticloadbalancing:us-east-1:386832079757:listener/app/wof-load-balancer/412084e915c2ba76/55d7672443771ae4",
            "certificate_arn": null,
            "default_action": [
              {
                "authenticate_cognito": [],
                "authenticate_oidc": [],
                "fixed_response": [],
                "forward": [],
                "order": 1,
                "redirect": [],
                "target_group_arn": "arn:aws:elasticloadbalancing:us-east-1:386832079757:targetgroup/WordPressTargetGroup/3954d26940d7f1cf",
                "type": "forward"
              }
            ],
            "id": "arn:aws:elasticloadbalancing:us-east-1:386832079757:listener/app/wof-load-balancer/412084e915c2ba76/55d7672443771ae4",
            "load_balancer_arn": "arn:aws:elasticloadbalancing:us-east-1:386832079757:loadbalancer/app/wof-load-balancer/412084e915c2ba76",
            "port": 80,
            "protocol": "HTTP",
            "ssl_policy": "",
            "tags": null,
            "tags_all": {},
            "timeouts": null
          },
          "sensitive_attributes": [],
          "private": "eyJlMmJmYjczMC1lY2FhLTExZTYtOGY4OC0zNDM2M2JjN2M0YzAiOnsicmVhZCI6NjAwMDAwMDAwMDAwfX0=",
          "dependencies": [
            "module.aws_network.aws_subnet.PublicSubnet0",
            "module.aws_network.aws_subnet.PublicSubnet1",
            "module.aws_network.aws_vpc.wordpress_vpc",
            "module.aws_worpress_app.aws_alb_target_group.WordpressTargetgroup",
            "module.aws_worpress_app.aws_lb.WordPressALB",
            "module.aws_worpress_app.aws_security_group.ALBSecurityGroup"
          ]
        }
      ]
    },
    {
      "module": "module.aws_worpress_app",
      "mode": "managed",
      "type": "aws_alb_target_group",
      "name": "WordpressTargetgroup",
      "provider": "provider[\"registry.terraform.io/hashicorp/aws\"]",
      "instances": [
        {
          "schema_version": 0,
          "attributes": {
            "arn": "arn:aws:elasticloadbalancing:us-east-1:386832079757:targetgroup/WordPressTargetGroup/3954d26940d7f1cf",
            "arn_suffix": "targetgroup/WordPressTargetGroup/3954d26940d7f1cf",
            "connection_termination": false,
            "deregistration_delay": "300",
            "health_check": [
              {
                "enabled": true,
                "healthy_threshold": 3,
                "interval": 30,
                "matcher": "200",
                "path": "/",
                "port": "8080",
                "protocol": "HTTP",
                "timeout": 5,
                "unhealthy_threshold": 3
              }
            ],
            "id": "arn:aws:elasticloadbalancing:us-east-1:386832079757:targetgroup/WordPressTargetGroup/3954d26940d7f1cf",
            "ip_address_type": "ipv4",
            "lambda_multi_value_headers_enabled": false,
            "load_balancing_algorithm_type": "round_robin",
            "name": "WordPressTargetGroup",
            "name_prefix": null,
            "port": 8080,
            "preserve_client_ip": null,
            "protocol": "HTTP",
            "protocol_version": "HTTP1",
            "proxy_protocol_v2": false,
            "slow_start": 0,
            "stickiness": [
              {
                "cookie_duration": 86400,
                "cookie_name": "",
                "enabled": false,
                "type": "lb_cookie"
              }
            ],
            "tags": null,
            "tags_all": {},
            "target_type": "ip",
            "vpc_id": "vpc-07e5611de151e26d7"
          },
          "sensitive_attributes": [],
          "private": "bnVsbA==",
          "dependencies": [
            "module.aws_network.aws_vpc.wordpress_vpc"
          ]
        }
      ]
    },
    {
      "module": "module.aws_worpress_app",
      "mode": "managed",
      "type": "aws_appautoscaling_policy",
      "name": "ServiceScalingPolicyCPU",
      "provider": "provider[\"registry.terraform.io/hashicorp/aws\"]",
      "instances": [
        {
          "schema_version": 0,
          "attributes": {
            "alarm_arns": [
              "arn:aws:cloudwatch:us-east-1:386832079757:alarm:TargetTracking-service/ecs-fargate-wordpressexport/WordPressService-AlarmHigh-43fd3a82-d348-4bd4-bed4-7b517af4e9e7",
              "arn:aws:cloudwatch:us-east-1:386832079757:alarm:TargetTracking-service/ecs-fargate-wordpressexport/WordPressService-AlarmLow-d429aaac-28c0-4dac-b74f-b83bfab57ea0"
            ],
            "arn": "arn:aws:autoscaling:us-east-1:386832079757:scalingPolicy:fe44b11e-8258-41a1-b6bf-f85b46dfbb63:resource/ecs/service/ecs-fargate-wordpressexport/WordPressService:policyName/AWS::StackName-target-tracking-cpu70",
            "id": "AWS::StackName-target-tracking-cpu70",
            "name": "AWS::StackName-target-tracking-cpu70",
            "policy_type": "TargetTrackingScaling",
            "resource_id": "service/ecs-fargate-wordpressexport/WordPressService",
            "scalable_dimension": "ecs:service:DesiredCount",
            "service_namespace": "ecs",
            "step_scaling_policy_configuration": [],
            "target_tracking_scaling_policy_configuration": [
              {
                "customized_metric_specification": [],
                "disable_scale_in": false,
                "predefined_metric_specification": [
                  {
                    "predefined_metric_type": "ECSServiceAverageCPUUtilization",
                    "resource_label": ""
                  }
                ],
                "scale_in_cooldown": 60,
                "scale_out_cooldown": 60,
                "target_value": 75
              }
            ]
          },
          "sensitive_attributes": [],
          "private": "bnVsbA==",
          "dependencies": [
            "module.aws_database.aws_db_subnet_group.DBSubnetGroup",
            "module.aws_database.aws_rds_cluster.WordpressDB",
            "module.aws_database.aws_security_group.DBSecurityGroup",
            "module.aws_network.aws_efs_access_point.AccessPoint",
            "module.aws_network.aws_efs_file_system.FileSystem",
            "module.aws_network.aws_subnet.PrivateSubnet0",
            "module.aws_network.aws_subnet.PrivateSubnet1",
            "module.aws_network.aws_subnet.PublicSubnet0",
            "module.aws_network.aws_subnet.PublicSubnet1",
            "module.aws_network.aws_vpc.wordpress_vpc",
            "module.aws_worpress_app.aws_alb_target_group.WordpressTargetgroup",
            "module.aws_worpress_app.aws_appautoscaling_target.ECSScalableTarget",
            "module.aws_worpress_app.aws_cloudwatch_log_group.task_log_group",
            "module.aws_worpress_app.aws_ecs_cluster.WordPressCluster",
            "module.aws_worpress_app.aws_ecs_service.WordPressService",
            "module.aws_worpress_app.aws_ecs_task_definition.WordPressTask",
            "module.aws_worpress_app.aws_security_group.ALBSecurityGroup",
            "module.aws_worpress_app.aws_security_group.WordPressServiceSG",
            "module.aws_worpress_app.data.aws_caller_identity.current",
            "module.ecs_task_execution_role.aws_iam_role.main",
            "module.ecs_task_execution_role.data.aws_iam_policy_document.assume_role_policy"
          ]
        }
      ]
    },
    {
      "module": "module.aws_worpress_app",
      "mode": "managed",
      "type": "aws_appautoscaling_policy",
      "name": "ServiceScalingPolicyMem",
      "provider": "provider[\"registry.terraform.io/hashicorp/aws\"]",
      "instances": [
        {
          "schema_version": 0,
          "attributes": {
            "alarm_arns": [
              "arn:aws:cloudwatch:us-east-1:386832079757:alarm:TargetTracking-service/ecs-fargate-wordpressexport/WordPressService-AlarmHigh-52d822ca-ccfd-4432-a338-c62a599d7a42",
              "arn:aws:cloudwatch:us-east-1:386832079757:alarm:TargetTracking-service/ecs-fargate-wordpressexport/WordPressService-AlarmLow-c8068875-4874-4ec0-87f7-a06929ed8999"
            ],
            "arn": "arn:aws:autoscaling:us-east-1:386832079757:scalingPolicy:fe44b11e-8258-41a1-b6bf-f85b46dfbb63:resource/ecs/service/ecs-fargate-wordpressexport/WordPressService:policyName/AWS::StackName-target-tracking-mem90",
            "id": "AWS::StackName-target-tracking-mem90",
            "name": "AWS::StackName-target-tracking-mem90",
            "policy_type": "TargetTrackingScaling",
            "resource_id": "service/ecs-fargate-wordpressexport/WordPressService",
            "scalable_dimension": "ecs:service:DesiredCount",
            "service_namespace": "ecs",
            "step_scaling_policy_configuration": [],
            "target_tracking_scaling_policy_configuration": [
              {
                "customized_metric_specification": [],
                "disable_scale_in": false,
                "predefined_metric_specification": [
                  {
                    "predefined_metric_type": "ECSServiceAverageMemoryUtilization",
                    "resource_label": ""
                  }
                ],
                "scale_in_cooldown": 60,
                "scale_out_cooldown": 60,
                "target_value": 90
              }
            ]
          },
          "sensitive_attributes": [],
          "private": "bnVsbA==",
          "dependencies": [
            "module.aws_database.aws_db_subnet_group.DBSubnetGroup",
            "module.aws_database.aws_rds_cluster.WordpressDB",
            "module.aws_database.aws_security_group.DBSecurityGroup",
            "module.aws_network.aws_efs_access_point.AccessPoint",
            "module.aws_network.aws_efs_file_system.FileSystem",
            "module.aws_network.aws_subnet.PrivateSubnet0",
            "module.aws_network.aws_subnet.PrivateSubnet1",
            "module.aws_network.aws_subnet.PublicSubnet0",
            "module.aws_network.aws_subnet.PublicSubnet1",
            "module.aws_network.aws_vpc.wordpress_vpc",
            "module.aws_worpress_app.aws_alb_target_group.WordpressTargetgroup",
            "module.aws_worpress_app.aws_appautoscaling_target.ECSScalableTarget",
            "module.aws_worpress_app.aws_cloudwatch_log_group.task_log_group",
            "module.aws_worpress_app.aws_ecs_cluster.WordPressCluster",
            "module.aws_worpress_app.aws_ecs_service.WordPressService",
            "module.aws_worpress_app.aws_ecs_task_definition.WordPressTask",
            "module.aws_worpress_app.aws_security_group.ALBSecurityGroup",
            "module.aws_worpress_app.aws_security_group.WordPressServiceSG",
            "module.aws_worpress_app.data.aws_caller_identity.current",
            "module.ecs_task_execution_role.aws_iam_role.main",
            "module.ecs_task_execution_role.data.aws_iam_policy_document.assume_role_policy"
          ]
        }
      ]
    },
    {
      "module": "module.aws_worpress_app",
      "mode": "managed",
      "type": "aws_appautoscaling_target",
      "name": "ECSScalableTarget",
      "provider": "provider[\"registry.terraform.io/hashicorp/aws\"]",
      "instances": [
        {
          "schema_version": 0,
          "attributes": {
            "id": "service/ecs-fargate-wordpressexport/WordPressService",
            "max_capacity": 4,
            "min_capacity": 1,
            "resource_id": "service/ecs-fargate-wordpressexport/WordPressService",
            "role_arn": "arn:aws:iam::386832079757:role/aws-service-role/ecs.application-autoscaling.amazonaws.com/AWSServiceRoleForApplicationAutoScaling_ECSService",
            "scalable_dimension": "ecs:service:DesiredCount",
            "service_namespace": "ecs"
          },
          "sensitive_attributes": [],
          "private": "bnVsbA==",
          "dependencies": [
            "module.aws_database.aws_db_subnet_group.DBSubnetGroup",
            "module.aws_database.aws_rds_cluster.WordpressDB",
            "module.aws_database.aws_security_group.DBSecurityGroup",
            "module.aws_network.aws_efs_access_point.AccessPoint",
            "module.aws_network.aws_efs_file_system.FileSystem",
            "module.aws_network.aws_subnet.PrivateSubnet0",
            "module.aws_network.aws_subnet.PrivateSubnet1",
            "module.aws_network.aws_subnet.PublicSubnet0",
            "module.aws_network.aws_subnet.PublicSubnet1",
            "module.aws_network.aws_vpc.wordpress_vpc",
            "module.aws_worpress_app.aws_alb_target_group.WordpressTargetgroup",
            "module.aws_worpress_app.aws_cloudwatch_log_group.task_log_group",
            "module.aws_worpress_app.aws_ecs_cluster.WordPressCluster",
            "module.aws_worpress_app.aws_ecs_service.WordPressService",
            "module.aws_worpress_app.aws_ecs_task_definition.WordPressTask",
            "module.aws_worpress_app.aws_security_group.ALBSecurityGroup",
            "module.aws_worpress_app.aws_security_group.WordPressServiceSG",
            "module.aws_worpress_app.data.aws_caller_identity.current",
            "module.ecs_task_execution_role.aws_iam_role.main",
            "module.ecs_task_execution_role.data.aws_iam_policy_document.assume_role_policy"
          ]
        }
      ]
    },
    {
      "module": "module.aws_worpress_app",
      "mode": "managed",
      "type": "aws_cloudwatch_log_group",
      "name": "task_log_group",
      "provider": "provider[\"registry.terraform.io/hashicorp/aws\"]",
      "instances": [
        {
          "schema_version": 0,
          "attributes": {
            "arn": "arn:aws:logs:us-east-1:386832079757:log-group:/aws/ecs/app-WordpressApp",
            "id": "/aws/ecs/app-WordpressApp",
            "kms_key_id": "",
            "name": "/aws/ecs/app-WordpressApp",
            "name_prefix": null,
            "retention_in_days": 1,
            "tags": null,
            "tags_all": {}
          },
          "sensitive_attributes": [],
          "private": "bnVsbA=="
        }
      ]
    },
    {
      "module": "module.aws_worpress_app",
      "mode": "managed",
      "type": "aws_ecs_cluster",
      "name": "WordPressCluster",
      "provider": "provider[\"registry.terraform.io/hashicorp/aws\"]",
      "instances": [
        {
          "schema_version": 0,
          "attributes": {
            "arn": "arn:aws:ecs:us-east-1:386832079757:cluster/ecs-fargate-wordpressexport",
            "capacity_providers": [],
            "configuration": [],
            "default_capacity_provider_strategy": [],
            "id": "arn:aws:ecs:us-east-1:386832079757:cluster/ecs-fargate-wordpressexport",
            "name": "ecs-fargate-wordpressexport",
            "setting": [
              {
                "name": "containerInsights",
                "value": "disabled"
              }
            ],
            "tags": null,
            "tags_all": {}
          },
          "sensitive_attributes": [],
          "private": "bnVsbA=="
        }
      ]
    },
    {
      "module": "module.aws_worpress_app",
      "mode": "managed",
      "type": "aws_ecs_cluster_capacity_providers",
      "name": "WordpressCluster_CP",
      "provider": "provider[\"registry.terraform.io/hashicorp/aws\"]",
      "instances": [
        {
          "schema_version": 0,
          "attributes": {
            "capacity_providers": [
              "FARGATE_SPOT"
            ],
            "cluster_name": "ecs-fargate-wordpressexport",
            "default_capacity_provider_strategy": [],
            "id": "ecs-fargate-wordpressexport"
          },
          "sensitive_attributes": [],
          "private": "bnVsbA==",
          "dependencies": [
            "module.aws_worpress_app.aws_ecs_cluster.WordPressCluster"
          ]
        }
      ]
    },
    {
      "module": "module.aws_worpress_app",
      "mode": "managed",
      "type": "aws_ecs_service",
      "name": "WordPressService",
      "provider": "provider[\"registry.terraform.io/hashicorp/aws\"]",
      "instances": [
        {
          "schema_version": 0,
          "attributes": {
            "capacity_provider_strategy": [],
            "cluster": "arn:aws:ecs:us-east-1:386832079757:cluster/ecs-fargate-wordpressexport",
            "deployment_circuit_breaker": [
              {
                "enable": false,
                "rollback": false
              }
            ],
            "deployment_controller": [
              {
                "type": "ECS"
              }
            ],
            "deployment_maximum_percent": 100,
            "deployment_minimum_healthy_percent": 0,
            "desired_count": 2,
            "enable_ecs_managed_tags": false,
            "enable_execute_command": false,
            "force_new_deployment": null,
            "health_check_grace_period_seconds": 0,
            "iam_role": "aws-service-role",
            "id": "arn:aws:ecs:us-east-1:386832079757:service/ecs-fargate-wordpressexport/WordPressService",
            "launch_type": "FARGATE",
            "load_balancer": [
              {
                "container_name": "wordpress",
                "container_port": 8080,
                "elb_name": "",
                "target_group_arn": "arn:aws:elasticloadbalancing:us-east-1:386832079757:targetgroup/WordPressTargetGroup/3954d26940d7f1cf"
              }
            ],
            "name": "WordPressService",
            "network_configuration": [
              {
                "assign_public_ip": false,
                "security_groups": [
                  "sg-092100ff317baacd1"
                ],
                "subnets": [
                  "subnet-0353233c7856f2af4",
                  "subnet-0d6225803e65d255e"
                ]
              }
            ],
            "ordered_placement_strategy": [],
            "placement_constraints": [],
            "platform_version": "1.4.0",
            "propagate_tags": "NONE",
            "scheduling_strategy": "REPLICA",
            "service_registries": [],
            "tags": null,
            "tags_all": {},
            "task_definition": "arn:aws:ecs:us-east-1:386832079757:task-definition/wof-tutorial:31",
            "timeouts": null,
            "wait_for_steady_state": false
          },
          "sensitive_attributes": [],
          "private": "eyJlMmJmYjczMC1lY2FhLTExZTYtOGY4OC0zNDM2M2JjN2M0YzAiOnsiY3JlYXRlIjoxMjAwMDAwMDAwMDAwLCJkZWxldGUiOjEyMDAwMDAwMDAwMDAsInVwZGF0ZSI6MTIwMDAwMDAwMDAwMH19",
          "dependencies": [
            "module.aws_database.aws_db_subnet_group.DBSubnetGroup",
            "module.aws_database.aws_rds_cluster.WordpressDB",
            "module.aws_database.aws_security_group.DBSecurityGroup",
            "module.aws_network.aws_efs_access_point.AccessPoint",
            "module.aws_network.aws_efs_file_system.FileSystem",
            "module.aws_network.aws_subnet.PrivateSubnet0",
            "module.aws_network.aws_subnet.PrivateSubnet1",
            "module.aws_network.aws_subnet.PublicSubnet0",
            "module.aws_network.aws_subnet.PublicSubnet1",
            "module.aws_network.aws_vpc.wordpress_vpc",
            "module.aws_worpress_app.aws_alb_target_group.WordpressTargetgroup",
            "module.aws_worpress_app.aws_cloudwatch_log_group.task_log_group",
            "module.aws_worpress_app.aws_ecs_cluster.WordPressCluster",
            "module.aws_worpress_app.aws_ecs_task_definition.WordPressTask",
            "module.aws_worpress_app.aws_security_group.ALBSecurityGroup",
            "module.aws_worpress_app.aws_security_group.WordPressServiceSG",
            "module.ecs_task_execution_role.aws_iam_role.main",
            "module.ecs_task_execution_role.data.aws_iam_policy_document.assume_role_policy"
          ]
        }
      ]
    },
    {
      "module": "module.aws_worpress_app",
      "mode": "managed",
      "type": "aws_ecs_task_definition",
      "name": "WordPressTask",
      "provider": "provider[\"registry.terraform.io/hashicorp/aws\"]",
      "instances": [
        {
          "schema_version": 1,
          "attributes": {
            "arn": "arn:aws:ecs:us-east-1:386832079757:task-definition/wof-tutorial:31",
            "container_definitions": "[{\"cpu\":0,\"environment\":[{\"name\":\"ALLOW_EMPTY_PASSWORD\",\"value\":\"yes\"},{\"name\":\"MARIADB_HOST\",\"value\":\"tf-20221122012602173000000003.cluster-cpm3tygvfmgs.us-east-1.rds.amazonaws.com\"},{\"name\":\"PHP_MEMORY_LIMIT\",\"value\":\"512M\"},{\"name\":\"WORDPRESS_DATABASE_NAME\",\"value\":\"wordpress\"},{\"name\":\"WORDPRESS_DATABASE_PASSWORD\",\"value\":\"supersecretpassword\"},{\"name\":\"WORDPRESS_DATABASE_USER\",\"value\":\"admin\"},{\"name\":\"enabled\",\"value\":\"false\"}],\"essential\":true,\"image\":\"bitnami/wordpress\",\"logConfiguration\":{\"logDriver\":\"awslogs\",\"options\":{\"awslogs-group\":\"/aws/ecs/app-WordpressApp\",\"awslogs-region\":\"us-east-1\",\"awslogs-stream-prefix\":\"ecs\"}},\"mountPoints\":[{\"containerPath\":\"/bitnami/wordpress\",\"sourceVolume\":\"wordpress\"}],\"name\":\"wordpress\",\"portMappings\":[{\"containerPort\":8080,\"hostPort\":8080,\"protocol\":\"tcp\"}],\"volumesFrom\":[]}]",
            "cpu": "1024",
            "ephemeral_storage": [],
            "execution_role_arn": "arn:aws:iam::386832079757:role/app-WordpressApp-task-execution-role",
            "family": "wof-tutorial",
            "id": "wof-tutorial",
            "inference_accelerator": [],
            "ipc_mode": "",
            "memory": "3072",
            "network_mode": "awsvpc",
            "pid_mode": "",
            "placement_constraints": [],
            "proxy_configuration": [],
            "requires_compatibilities": [
              "FARGATE"
            ],
            "revision": 31,
            "runtime_platform": [],
            "skip_destroy": false,
            "tags": null,
            "tags_all": {},
            "task_role_arn": "",
            "volume": [
              {
                "docker_volume_configuration": [],
                "efs_volume_configuration": [
                  {
                    "authorization_config": [
                      {
                        "access_point_id": "fsap-0ec7cadd4b2b4e055",
                        "iam": "DISABLED"
                      }
                    ],
                    "file_system_id": "fs-079b3a51b5662aa5c",
                    "root_directory": "/",
                    "transit_encryption": "ENABLED",
                    "transit_encryption_port": null
                  }
                ],
                "fsx_windows_file_server_volume_configuration": [],
                "host_path": "",
                "name": "wordpress"
              }
            ]
          },
          "sensitive_attributes": [],
          "private": "eyJzY2hlbWFfdmVyc2lvbiI6IjEifQ==",
          "dependencies": [
            "module.aws_database.aws_db_subnet_group.DBSubnetGroup",
            "module.aws_database.aws_rds_cluster.WordpressDB",
            "module.aws_database.aws_security_group.DBSecurityGroup",
            "module.aws_network.aws_efs_access_point.AccessPoint",
            "module.aws_network.aws_efs_file_system.FileSystem",
            "module.aws_network.aws_subnet.PublicSubnet0",
            "module.aws_network.aws_subnet.PublicSubnet1",
            "module.aws_network.aws_vpc.wordpress_vpc",
            "module.aws_worpress_app.aws_cloudwatch_log_group.task_log_group",
            "module.ecs_task_execution_role.aws_iam_role.main",
            "module.ecs_task_execution_role.data.aws_iam_policy_document.assume_role_policy"
          ]
        }
      ]
    },
    {
      "module": "module.aws_worpress_app",
      "mode": "managed",
      "type": "aws_lb",
      "name": "WordPressALB",
      "provider": "provider[\"registry.terraform.io/hashicorp/aws\"]",
      "instances": [
        {
          "schema_version": 0,
          "attributes": {
            "access_logs": [
              {
                "bucket": "",
                "enabled": false,
                "prefix": ""
              }
            ],
            "arn": "arn:aws:elasticloadbalancing:us-east-1:386832079757:loadbalancer/app/wof-load-balancer/412084e915c2ba76",
            "arn_suffix": "app/wof-load-balancer/412084e915c2ba76",
            "customer_owned_ipv4_pool": "",
            "desync_mitigation_mode": "defensive",
            "dns_name": "wof-load-balancer-1689749649.us-east-1.elb.amazonaws.com",
            "drop_invalid_header_fields": false,
            "enable_cross_zone_load_balancing": true,
            "enable_deletion_protection": false,
            "enable_http2": true,
            "enable_waf_fail_open": false,
            "id": "arn:aws:elasticloadbalancing:us-east-1:386832079757:loadbalancer/app/wof-load-balancer/412084e915c2ba76",
            "idle_timeout": 60,
            "internal": false,
            "ip_address_type": "ipv4",
            "load_balancer_type": "application",
            "name": "wof-load-balancer",
            "name_prefix": null,
            "preserve_host_header": false,
            "security_groups": [
              "sg-0d728064e40404f19"
            ],
            "subnet_mapping": [
              {
                "allocation_id": "",
                "ipv6_address": "",
                "outpost_id": "",
                "private_ipv4_address": "",
                "subnet_id": "subnet-01399ce307c790800"
              },
              {
                "allocation_id": "",
                "ipv6_address": "",
                "outpost_id": "",
                "private_ipv4_address": "",
                "subnet_id": "subnet-0235fa04dbacdbcf0"
              }
            ],
            "subnets": [
              "subnet-01399ce307c790800",
              "subnet-0235fa04dbacdbcf0"
            ],
            "tags": null,
            "tags_all": {},
            "timeouts": null,
            "vpc_id": "vpc-07e5611de151e26d7",
            "zone_id": "Z35SXDOTRQ7X7K"
          },
          "sensitive_attributes": [],
          "private": "eyJlMmJmYjczMC1lY2FhLTExZTYtOGY4OC0zNDM2M2JjN2M0YzAiOnsiY3JlYXRlIjo2MDAwMDAwMDAwMDAsImRlbGV0ZSI6NjAwMDAwMDAwMDAwLCJ1cGRhdGUiOjYwMDAwMDAwMDAwMH19",
          "dependencies": [
            "module.aws_network.aws_subnet.PublicSubnet0",
            "module.aws_network.aws_subnet.PublicSubnet1",
            "module.aws_network.aws_vpc.wordpress_vpc",
            "module.aws_worpress_app.aws_security_group.ALBSecurityGroup"
          ]
        }
      ]
    },
    {
      "module": "module.aws_worpress_app",
      "mode": "managed",
      "type": "aws_security_group",
      "name": "ALBSecurityGroup",
      "provider": "provider[\"registry.terraform.io/hashicorp/aws\"]",
      "instances": [
        {
          "schema_version": 1,
          "attributes": {
            "arn": "arn:aws:ec2:us-east-1:386832079757:security-group/sg-0d728064e40404f19",
            "description": "ALB Security Group",
            "egress": [
              {
                "cidr_blocks": [
                  "0.0.0.0/0"
                ],
                "description": "",
                "from_port": 0,
                "ipv6_cidr_blocks": [],
                "prefix_list_ids": [],
                "protocol": "-1",
                "security_groups": [],
                "self": false,
                "to_port": 0
              }
            ],
            "id": "sg-0d728064e40404f19",
            "ingress": [
              {
                "cidr_blocks": [
                  "0.0.0.0/0"
                ],
                "description": "Allow database access to the whole world",
                "from_port": 80,
                "ipv6_cidr_blocks": [],
                "prefix_list_ids": [],
                "protocol": "tcp",
                "security_groups": [],
                "self": false,
                "to_port": 80
              }
            ],
            "name": "Wordpress-Demo-ALB-SG",
            "name_prefix": "",
            "owner_id": "386832079757",
            "revoke_rules_on_delete": false,
            "tags": null,
            "tags_all": {},
            "timeouts": null,
            "vpc_id": "vpc-07e5611de151e26d7"
          },
          "sensitive_attributes": [],
          "private": "eyJlMmJmYjczMC1lY2FhLTExZTYtOGY4OC0zNDM2M2JjN2M0YzAiOnsiY3JlYXRlIjo2MDAwMDAwMDAwMDAsImRlbGV0ZSI6OTAwMDAwMDAwMDAwfSwic2NoZW1hX3ZlcnNpb24iOiIxIn0=",
          "dependencies": [
            "module.aws_network.aws_vpc.wordpress_vpc"
          ]
        }
      ]
    },
    {
      "module": "module.aws_worpress_app",
      "mode": "managed",
      "type": "aws_security_group",
      "name": "WordPressServiceSG",
      "provider": "provider[\"registry.terraform.io/hashicorp/aws\"]",
      "instances": [
        {
          "schema_version": 1,
          "attributes": {
            "arn": "arn:aws:ec2:us-east-1:386832079757:security-group/sg-092100ff317baacd1",
            "description": "Svc-WordPress-on-Fargate",
            "egress": [
              {
                "cidr_blocks": [
                  "0.0.0.0/0"
                ],
                "description": "",
                "from_port": 0,
                "ipv6_cidr_blocks": [],
                "prefix_list_ids": [],
                "protocol": "-1",
                "security_groups": [],
                "self": false,
                "to_port": 0
              }
            ],
            "id": "sg-092100ff317baacd1",
            "ingress": [
              {
                "cidr_blocks": [],
                "description": "",
                "from_port": 8080,
                "ipv6_cidr_blocks": [],
                "prefix_list_ids": [],
                "protocol": "tcp",
                "security_groups": [
                  "sg-0d728064e40404f19"
                ],
                "self": false,
                "to_port": 8080
              }
            ],
            "name": "Svc-WordPress-on-Fargate",
            "name_prefix": "",
            "owner_id": "386832079757",
            "revoke_rules_on_delete": false,
            "tags": null,
            "tags_all": {},
            "timeouts": null,
            "vpc_id": "vpc-07e5611de151e26d7"
          },
          "sensitive_attributes": [],
          "private": "eyJlMmJmYjczMC1lY2FhLTExZTYtOGY4OC0zNDM2M2JjN2M0YzAiOnsiY3JlYXRlIjo2MDAwMDAwMDAwMDAsImRlbGV0ZSI6OTAwMDAwMDAwMDAwfSwic2NoZW1hX3ZlcnNpb24iOiIxIn0=",
          "dependencies": [
            "module.aws_network.aws_vpc.wordpress_vpc",
            "module.aws_worpress_app.aws_security_group.ALBSecurityGroup"
          ]
        }
      ]
    },
    {
      "module": "module.ecs_task_execution_role",
      "mode": "data",
      "type": "aws_caller_identity",
      "name": "current",
      "provider": "provider[\"registry.terraform.io/hashicorp/aws\"]",
      "instances": [
        {
          "schema_version": 0,
          "attributes": {
            "account_id": "386832079757",
            "arn": "arn:aws:iam::386832079757:user/tf-user",
            "id": "386832079757",
            "user_id": "AIDAVUEH5DOGSHF5IA262"
          },
          "sensitive_attributes": []
        }
      ]
    },
    {
      "module": "module.ecs_task_execution_role",
      "mode": "data",
      "type": "aws_iam_policy_document",
      "name": "assume_role_policy",
      "provider": "provider[\"registry.terraform.io/hashicorp/aws\"]",
      "instances": [
        {
          "schema_version": 0,
          "attributes": {
            "id": "320642683",
            "json": "{\n  \"Version\": \"2012-10-17\",\n  \"Statement\": [\n    {\n      \"Sid\": \"\",\n      \"Effect\": \"Allow\",\n      \"Action\": \"sts:AssumeRole\",\n      \"Principal\": {\n        \"Service\": \"ecs-tasks.amazonaws.com\"\n      }\n    }\n  ]\n}",
            "override_json": null,
            "override_policy_documents": null,
            "policy_id": null,
            "source_json": null,
            "source_policy_documents": null,
            "statement": [
              {
                "actions": [
                  "sts:AssumeRole"
                ],
                "condition": [],
                "effect": "Allow",
                "not_actions": [],
                "not_principals": [],
                "not_resources": [],
                "principals": [
                  {
                    "identifiers": [
                      "ecs-tasks.amazonaws.com"
                    ],
                    "type": "Service"
                  }
                ],
                "resources": [],
                "sid": ""
              }
            ],
            "version": "2012-10-17"
          },
          "sensitive_attributes": []
        }
      ]
    },
    {
      "module": "module.ecs_task_execution_role",
      "mode": "data",
      "type": "aws_iam_policy_document",
      "name": "main",
      "provider": "provider[\"registry.terraform.io/hashicorp/aws\"]",
      "instances": [
        {
          "schema_version": 0,
          "attributes": {
            "id": "2664165210",
            "json": "{\n  \"Version\": \"2012-10-17\",\n  \"Statement\": [\n    {\n      \"Sid\": \"CreateCloudWatchLogGroups\",\n      \"Effect\": \"Allow\",\n      \"Action\": \"logs:CreateLogGroup\",\n      \"Resource\": \"arn:aws:logs:*:*:log-group:*/*\"\n    },\n    {\n      \"Sid\": \"CreateCloudWatchLogStreamsAndPutLogEvents\",\n      \"Effect\": \"Allow\",\n      \"Action\": [\n        \"logs:PutLogEvents\",\n        \"logs:CreateLogStream\"\n      ],\n      \"Resource\": \"arn:aws:logs:us-east-1:386832079757:log-group:*:log-stream:*\"\n    }\n  ]\n}",
            "override_json": null,
            "override_policy_documents": null,
            "policy_id": null,
            "source_json": null,
            "source_policy_documents": null,
            "statement": [
              {
                "actions": [
                  "logs:CreateLogGroup"
                ],
                "condition": [],
                "effect": "Allow",
                "not_actions": [],
                "not_principals": [],
                "not_resources": [],
                "principals": [],
                "resources": [
                  "arn:aws:logs:*:*:log-group:*/*"
                ],
                "sid": "CreateCloudWatchLogGroups"
              },
              {
                "actions": [
                  "logs:CreateLogStream",
                  "logs:PutLogEvents"
                ],
                "condition": [],
                "effect": "Allow",
                "not_actions": [],
                "not_principals": [],
                "not_resources": [],
                "principals": [],
                "resources": [
                  "arn:aws:logs:us-east-1:386832079757:log-group:*:log-stream:*"
                ],
                "sid": "CreateCloudWatchLogStreamsAndPutLogEvents"
              }
            ],
            "version": "2012-10-17"
          },
          "sensitive_attributes": []
        }
      ]
    },
    {
      "module": "module.ecs_task_execution_role",
      "mode": "data",
      "type": "aws_partition",
      "name": "current",
      "provider": "provider[\"registry.terraform.io/hashicorp/aws\"]",
      "instances": [
        {
          "schema_version": 0,
          "attributes": {
            "dns_suffix": "amazonaws.com",
            "id": "aws",
            "partition": "aws",
            "reverse_dns_prefix": "com.amazonaws"
          },
          "sensitive_attributes": []
        }
      ]
    },
    {
      "module": "module.ecs_task_execution_role",
      "mode": "data",
      "type": "aws_region",
      "name": "current",
      "provider": "provider[\"registry.terraform.io/hashicorp/aws\"]",
      "instances": [
        {
          "schema_version": 0,
          "attributes": {
            "description": "US East (N. Virginia)",
            "endpoint": "ec2.us-east-1.amazonaws.com",
            "id": "us-east-1",
            "name": "us-east-1"
          },
          "sensitive_attributes": []
        }
      ]
    },
    {
      "module": "module.ecs_task_execution_role",
      "mode": "managed",
      "type": "aws_iam_policy",
      "name": "main",
      "provider": "provider[\"registry.terraform.io/hashicorp/aws\"]",
      "instances": [
        {
          "schema_version": 0,
          "attributes": {
            "arn": "arn:aws:iam::386832079757:policy/app-WordpressApp-task-execution-role-policy",
            "description": "The policy for app-WordpressApp-task-execution-role.",
            "id": "arn:aws:iam::386832079757:policy/app-WordpressApp-task-execution-role-policy",
            "name": "app-WordpressApp-task-execution-role-policy",
            "name_prefix": null,
            "path": "/",
            "policy": "{\"Statement\":[{\"Action\":\"logs:CreateLogGroup\",\"Effect\":\"Allow\",\"Resource\":\"arn:aws:logs:*:*:log-group:*/*\",\"Sid\":\"CreateCloudWatchLogGroups\"},{\"Action\":[\"logs:PutLogEvents\",\"logs:CreateLogStream\"],\"Effect\":\"Allow\",\"Resource\":\"arn:aws:logs:us-east-1:386832079757:log-group:*:log-stream:*\",\"Sid\":\"CreateCloudWatchLogStreamsAndPutLogEvents\"}],\"Version\":\"2012-10-17\"}",
            "policy_id": "ANPAVUEH5DOGWYKUXC4VY",
            "tags": null,
            "tags_all": {}
          },
          "sensitive_attributes": [],
          "private": "bnVsbA==",
          "dependencies": [
            "module.ecs_task_execution_role.data.aws_iam_policy_document.main"
          ]
        }
      ]
    },
    {
      "module": "module.ecs_task_execution_role",
      "mode": "managed",
      "type": "aws_iam_role",
      "name": "main",
      "provider": "provider[\"registry.terraform.io/hashicorp/aws\"]",
      "instances": [
        {
          "schema_version": 0,
          "attributes": {
            "arn": "arn:aws:iam::386832079757:role/app-WordpressApp-task-execution-role",
            "assume_role_policy": "{\"Statement\":[{\"Action\":\"sts:AssumeRole\",\"Effect\":\"Allow\",\"Principal\":{\"Service\":\"ecs-tasks.amazonaws.com\"},\"Sid\":\"\"}],\"Version\":\"2012-10-17\"}",
            "create_date": "2022-11-22T01:25:32Z",
            "description": "",
            "force_detach_policies": false,
            "id": "app-WordpressApp-task-execution-role",
            "inline_policy": [],
            "managed_policy_arns": [],
            "max_session_duration": 3600,
            "name": "app-WordpressApp-task-execution-role",
            "name_prefix": "",
            "path": "/",
            "permissions_boundary": null,
            "tags": null,
            "tags_all": {},
            "unique_id": "AROAVUEH5DOG6MHQZPLO6"
          },
          "sensitive_attributes": [],
          "private": "bnVsbA==",
          "dependencies": [
            "module.ecs_task_execution_role.data.aws_iam_policy_document.assume_role_policy"
          ]
        }
      ]
    },
    {
      "module": "module.ecs_task_execution_role",
      "mode": "managed",
      "type": "aws_iam_role_policy_attachment",
      "name": "main",
      "provider": "provider[\"registry.terraform.io/hashicorp/aws\"]",
      "instances": [
        {
          "schema_version": 0,
          "attributes": {
            "id": "app-WordpressApp-task-execution-role-20221122012533352500000002",
            "policy_arn": "arn:aws:iam::386832079757:policy/app-WordpressApp-task-execution-role-policy",
            "role": "app-WordpressApp-task-execution-role"
          },
          "sensitive_attributes": [],
          "private": "bnVsbA==",
          "dependencies": [
            "module.ecs_task_execution_role.aws_iam_policy.main",
            "module.ecs_task_execution_role.aws_iam_role.main",
            "module.ecs_task_execution_role.data.aws_iam_policy_document.assume_role_policy",
            "module.ecs_task_execution_role.data.aws_iam_policy_document.main"
          ]
        }
      ]
    }
  ],
  "check_results": []
}
